
Microsoft Visual Studio Solution File, Format Version 12.00
# Visual Studio Version 16
VisualStudioVersion = 16.0.31702.278
MinimumVisualStudioVersion = 10.0.40219.1
Project("{FAE04EC0-301F-11D3-BF4B-00C04F79EFBC}") = "AlunosApi", "AlunosApi\AlunosApi.csproj", "{07901E00-D20B-4B20-9B86-09381F84659E}"
EndProject
Global
	GlobalSection(SolutionConfigurationPlatforms) = preSolution
		Debug|Any CPU = Debug|Any CPU
		Release|Any CPU = Release|Any CPU
	EndGlobalSection
	GlobalSection(ProjectConfigurationPlatforms) = postSolution
		{07901E00-D20B-4B20-9B86-09381F84659E}.Debug|Any CPU.ActiveCfg = Debug|Any CPU
		{07901E00-D20B-4B20-9B86-09381F84659E}.Debug|Any CPU.Build.0 = Debug|Any CPU
		{07901E00-D20B-4B20-9B86-09381F84659E}.Release|Any CPU.ActiveCfg = Release|Any CPU
		{07901E00-D20B-4B20-9B86-09381F84659E}.Release|Any CPU.Build.0 = Release|Any CPU
	EndGlobalSection
	GlobalSection(SolutionProperties) = preSolution
		HideSolutionNode = FALSE
	EndGlobalSection
	GlobalSection(ExtensibilityGlobals) = postSolution
		SolutionGuid = {87C7FC26-94A5-47B7-B39F-B64650E592E3}
	EndGlobalSection
EndGlobal
